
Microsoft Visual Studio Solution File, Format Version 12.00
# Visual Studio Version 16
VisualStudioVersion = 16.0.30621.155
MinimumVisualStudioVersion = 10.0.40219.1
Project("{FAE04EC0-301F-11D3-BF4B-00C04F79EFBC}") = "Esercizio10", "Esercizio10\Esercizio10.csproj", "{F87AD452-543C-4502-BFDC-B7D35A8F4317}"
EndProject
Global
	GlobalSection(SolutionConfigurationPlatforms) = preSolution
		Debug|Any CPU = Debug|Any CPU
		Release|Any CPU = Release|Any CPU
	EndGlobalSection
	GlobalSection(ProjectConfigurationPlatforms) = postSolution
		{F87AD452-543C-4502-BFDC-B7D35A8F4317}.Debug|Any CPU.ActiveCfg = Debug|Any CPU
		{F87AD452-543C-4502-BFDC-B7D35A8F4317}.Debug|Any CPU.Build.0 = Debug|Any CPU
		{F87AD452-543C-4502-BFDC-B7D35A8F4317}.Release|Any CPU.ActiveCfg = Release|Any CPU
		{F87AD452-543C-4502-BFDC-B7D35A8F4317}.Release|Any CPU.Build.0 = Release|Any CPU
	EndGlobalSection
	GlobalSection(SolutionProperties) = preSolution
		HideSolutionNode = FALSE
	EndGlobalSection
	GlobalSection(ExtensibilityGlobals) = postSolution
		SolutionGuid = {4B27F0FE-83AE-4C4E-9CF9-8DF62A59D9D0}
	EndGlobalSection
EndGlobal
